// !$*UTF8*$!
{
	archiveVersion = 1;
	classes = {
	};
	objectVersion = 50;
	objects = {

/* Begin PBXBuildFile section */
		DC77943A24C3F4450010BF16 /* JournalnatorApp.swift in Sources */ = {isa = PBXBuildFile; fileRef = DC77942624C3F4420010BF16 /* JournalnatorApp.swift */; };
		DC77943B24C3F4450010BF16 /* JournalnatorApp.swift in Sources */ = {isa = PBXBuildFile; fileRef = DC77942624C3F4420010BF16 /* JournalnatorApp.swift */; };
		DC77943C24C3F4450010BF16 /* JournalnatorDocument.swift in Sources */ = {isa = PBXBuildFile; fileRef = DC77942724C3F4420010BF16 /* JournalnatorDocument.swift */; };
		DC77943D24C3F4450010BF16 /* JournalnatorDocument.swift in Sources */ = {isa = PBXBuildFile; fileRef = DC77942724C3F4420010BF16 /* JournalnatorDocument.swift */; };
		DC77943E24C3F4450010BF16 /* ContentView.swift in Sources */ = {isa = PBXBuildFile; fileRef = DC77942824C3F4420010BF16 /* ContentView.swift */; };
		DC77943F24C3F4450010BF16 /* ContentView.swift in Sources */ = {isa = PBXBuildFile; fileRef = DC77942824C3F4420010BF16 /* ContentView.swift */; };
		DC77944024C3F4450010BF16 /* Assets.xcassets in Resources */ = {isa = PBXBuildFile; fileRef = DC77942924C3F4450010BF16 /* Assets.xcassets */; };
		DC77944124C3F4450010BF16 /* Assets.xcassets in Resources */ = {isa = PBXBuildFile; fileRef = DC77942924C3F4450010BF16 /* Assets.xcassets */; };
/* End PBXBuildFile section */

/* Begin PBXFileReference section */
		DC77942624C3F4420010BF16 /* JournalnatorApp.swift */ = {isa = PBXFileReference; lastKnownFileType = sourcecode.swift; path = JournalnatorApp.swift; sourceTree = "<group>"; };
		DC77942724C3F4420010BF16 /* JournalnatorDocument.swift */ = {isa = PBXFileReference; lastKnownFileType = sourcecode.swift; path = JournalnatorDocument.swift; sourceTree = "<group>"; };
		DC77942824C3F4420010BF16 /* ContentView.swift */ = {isa = PBXFileReference; lastKnownFileType = sourcecode.swift; path = ContentView.swift; sourceTree = "<group>"; };
		DC77942924C3F4450010BF16 /* Assets.xcassets */ = {isa = PBXFileReference; lastKnownFileType = folder.assetcatalog; path = Assets.xcassets; sourceTree = "<group>"; };
		DC77942E24C3F4450010BF16 /* Journalnator.app */ = {isa = PBXFileReference; explicitFileType = wrapper.application; includeInIndex = 0; path = Journalnator.app; sourceTree = BUILT_PRODUCTS_DIR; };
		DC77943124C3F4450010BF16 /* Info.plist */ = {isa = PBXFileReference; lastKnownFileType = text.plist.xml; path = Info.plist; sourceTree = "<group>"; };
		DC77943624C3F4450010BF16 /* Journalnator.app */ = {isa = PBXFileReference; explicitFileType = wrapper.application; includeInIndex = 0; path = Journalnator.app; sourceTree = BUILT_PRODUCTS_DIR; };
		DC77943824C3F4450010BF16 /* Info.plist */ = {isa = PBXFileReference; lastKnownFileType = text.plist.xml; path = Info.plist; sourceTree = "<group>"; };
		DC77943924C3F4450010BF16 /* macOS.entitlements */ = {isa = PBXFileReference; lastKnownFileType = text.plist.entitlements; path = macOS.entitlements; sourceTree = "<group>"; };
/* End PBXFileReference section */

/* Begin PBXFrameworksBuildPhase section */
		DC77942B24C3F4450010BF16 /* Frameworks */ = {
			isa = PBXFrameworksBuildPhase;
			buildActionMask = 2147483647;
			files = (
			);
			runOnlyForDeploymentPostprocessing = 0;
		};
		DC77943324C3F4450010BF16 /* Frameworks */ = {
			isa = PBXFrameworksBuildPhase;
			buildActionMask = 2147483647;
			files = (
			);
			runOnlyForDeploymentPostprocessing = 0;
		};
/* End PBXFrameworksBuildPhase section */

/* Begin PBXGroup section */
		DC77942024C3F4410010BF16 = {
			isa = PBXGroup;
			children = (
				DC77942524C3F4420010BF16 /* Shared */,
				DC77943024C3F4450010BF16 /* iOS */,
				DC77943724C3F4450010BF16 /* macOS */,
				DC77942F24C3F4450010BF16 /* Products */,
			);
			sourceTree = "<group>";
		};
		DC77942524C3F4420010BF16 /* Shared */ = {
			isa = PBXGroup;
			children = (
				DC77942624C3F4420010BF16 /* JournalnatorApp.swift */,
				DC77942724C3F4420010BF16 /* JournalnatorDocument.swift */,
				DC77942824C3F4420010BF16 /* ContentView.swift */,
				DC77942924C3F4450010BF16 /* Assets.xcassets */,
			);
			path = Shared;
			sourceTree = "<group>";
		};
		DC77942F24C3F4450010BF16 /* Products */ = {
			isa = PBXGroup;
			children = (
				DC77942E24C3F4450010BF16 /* Journalnator.app */,
				DC77943624C3F4450010BF16 /* Journalnator.app */,
			);
			name = Products;
			sourceTree = "<group>";
		};
		DC77943024C3F4450010BF16 /* iOS */ = {
			isa = PBXGroup;
			children = (
				DC77943124C3F4450010BF16 /* Info.plist */,
			);
			path = iOS;
			sourceTree = "<group>";
		};
		DC77943724C3F4450010BF16 /* macOS */ = {
			isa = PBXGroup;
			children = (
				DC77943824C3F4450010BF16 /* Info.plist */,
				DC77943924C3F4450010BF16 /* macOS.entitlements */,
			);
			path = macOS;
			sourceTree = "<group>";
		};
/* End PBXGroup section */

/* Begin PBXNativeTarget section */
		DC77942D24C3F4450010BF16 /* Journalnator (iOS) */ = {
			isa = PBXNativeTarget;
			buildConfigurationList = DC77944424C3F4450010BF16 /* Build configuration list for PBXNativeTarget "Journalnator (iOS)" */;
			buildPhases = (
				DC77942A24C3F4450010BF16 /* Sources */,
				DC77942B24C3F4450010BF16 /* Frameworks */,
				DC77942C24C3F4450010BF16 /* Resources */,
			);
			buildRules = (
			);
			dependencies = (
			);
			name = "Journalnator (iOS)";
			productName = "Journalnator (iOS)";
			productReference = DC77942E24C3F4450010BF16 /* Journalnator.app */;
			productType = "com.apple.product-type.application";
		};
		DC77943524C3F4450010BF16 /* Journalnator (macOS) */ = {
			isa = PBXNativeTarget;
			buildConfigurationList = DC77944724C3F4450010BF16 /* Build configuration list for PBXNativeTarget "Journalnator (macOS)" */;
			buildPhases = (
				DC77943224C3F4450010BF16 /* Sources */,
				DC77943324C3F4450010BF16 /* Frameworks */,
				DC77943424C3F4450010BF16 /* Resources */,
			);
			buildRules = (
			);
			dependencies = (
			);
			name = "Journalnator (macOS)";
			productName = "Journalnator (macOS)";
			productReference = DC77943624C3F4450010BF16 /* Journalnator.app */;
			productType = "com.apple.product-type.application";
		};
/* End PBXNativeTarget section */

/* Begin PBXProject section */
		DC77942124C3F4410010BF16 /* Project object */ = {
			isa = PBXProject;
			attributes = {
				LastSwiftUpdateCheck = 1200;
				LastUpgradeCheck = 1200;
				TargetAttributes = {
					DC77942D24C3F4450010BF16 = {
						CreatedOnToolsVersion = 12.0;
					};
					DC77943524C3F4450010BF16 = {
						CreatedOnToolsVersion = 12.0;
					};
				};
			};
			buildConfigurationList = DC77942424C3F4410010BF16 /* Build configuration list for PBXProject "Journalnator" */;
			compatibilityVersion = "Xcode 9.3";
			developmentRegion = en;
			hasScannedForEncodings = 0;
			knownRegions = (
				en,
				Base,
			);
			mainGroup = DC77942024C3F4410010BF16;
			productRefGroup = DC77942F24C3F4450010BF16 /* Products */;
			projectDirPath = "";
			projectRoot = "";
			targets = (
				DC77942D24C3F4450010BF16 /* Journalnator (iOS) */,
				DC77943524C3F4450010BF16 /* Journalnator (macOS) */,
			);
		};
/* End PBXProject section */

/* Begin PBXResourcesBuildPhase section */
		DC77942C24C3F4450010BF16 /* Resources */ = {
			isa = PBXResourcesBuildPhase;
			buildActionMask = 2147483647;
			files = (
				DC77944024C3F4450010BF16 /* Assets.xcassets in Resources */,
			);
			runOnlyForDeploymentPostprocessing = 0;
		};
		DC77943424C3F4450010BF16 /* Resources */ = {
			isa = PBXResourcesBuildPhase;
			buildActionMask = 2147483647;
			files = (
				DC77944124C3F4450010BF16 /* Assets.xcassets in Resources */,
			);
			runOnlyForDeploymentPostprocessing = 0;
		};
/* End PBXResourcesBuildPhase section */

/* Begin PBXSourcesBuildPhase section */
		DC77942A24C3F4450010BF16 /* Sources */ = {
			isa = PBXSourcesBuildPhase;
			buildActionMask = 2147483647;
			files = (
				DC77943A24C3F4450010BF16 /* JournalnatorApp.swift in Sources */,
				DC77943C24C3F4450010BF16 /* JournalnatorDocument.swift in Sources */,
				DC77943E24C3F4450010BF16 /* ContentView.swift in Sources */,
			);
			runOnlyForDeploymentPostprocessing = 0;
		};
		DC77943224C3F4450010BF16 /* Sources */ = {
			isa = PBXSourcesBuildPhase;
			buildActionMask = 2147483647;
			files = (
				DC77943B24C3F4450010BF16 /* JournalnatorApp.swift in Sources */,
				DC77943D24C3F4450010BF16 /* JournalnatorDocument.swift in Sources */,
				DC77943F24C3F4450010BF16 /* ContentView.swift in Sources */,
			);
			runOnlyForDeploymentPostprocessing = 0;
		};
/* End PBXSourcesBuildPhase section */

/* Begin XCBuildConfiguration section */
		DC77944224C3F4450010BF16 /* Debug */ = {
			isa = XCBuildConfiguration;
			buildSettings = {
				ALWAYS_SEARCH_USER_PATHS = NO;
				CLANG_ANALYZER_NONNULL = YES;
				CLANG_ANALYZER_NUMBER_OBJECT_CONVERSION = YES_AGGRESSIVE;
				CLANG_CXX_LANGUAGE_STANDARD = "gnu++14";
				CLANG_CXX_LIBRARY = "libc++";
				CLANG_ENABLE_MODULES = YES;
				CLANG_ENABLE_OBJC_ARC = YES;
				CLANG_ENABLE_OBJC_WEAK = YES;
				CLANG_WARN_BLOCK_CAPTURE_AUTORELEASING = YES;
				CLANG_WARN_BOOL_CONVERSION = YES;
				CLANG_WARN_COMMA = YES;
				CLANG_WARN_CONSTANT_CONVERSION = YES;
				CLANG_WARN_DEPRECATED_OBJC_IMPLEMENTATIONS = YES;
				CLANG_WARN_DIRECT_OBJC_ISA_USAGE = YES_ERROR;
				CLANG_WARN_DOCUMENTATION_COMMENTS = YES;
				CLANG_WARN_EMPTY_BODY = YES;
				CLANG_WARN_ENUM_CONVERSION = YES;
				CLANG_WARN_INFINITE_RECURSION = YES;
				CLANG_WARN_INT_CONVERSION = YES;
				CLANG_WARN_NON_LITERAL_NULL_CONVERSION = YES;
				CLANG_WARN_OBJC_IMPLICIT_RETAIN_SELF = YES;
				CLANG_WARN_OBJC_LITERAL_CONVERSION = YES;
				CLANG_WARN_OBJC_ROOT_CLASS = YES_ERROR;
				CLANG_WARN_QUOTED_INCLUDE_IN_FRAMEWORK_HEADER = YES;
				CLANG_WARN_RANGE_LOOP_ANALYSIS = YES;
				CLANG_WARN_STRICT_PROTOTYPES = YES;
				CLANG_WARN_SUSPICIOUS_MOVE = YES;
				CLANG_WARN_UNGUARDED_AVAILABILITY = YES_AGGRESSIVE;
				CLANG_WARN_UNREACHABLE_CODE = YES;
				CLANG_WARN__DUPLICATE_METHOD_MATCH = YES;
				COPY_PHASE_STRIP = NO;
				DEBUG_INFORMATION_FORMAT = dwarf;
				ENABLE_STRICT_OBJC_MSGSEND = YES;
				ENABLE_TESTABILITY = YES;
				GCC_C_LANGUAGE_STANDARD = gnu11;
				GCC_DYNAMIC_NO_PIC = NO;
				GCC_NO_COMMON_BLOCKS = YES;
				GCC_OPTIMIZATION_LEVEL = 0;
				GCC_PREPROCESSOR_DEFINITIONS = (
					"DEBUG=1",
					"$(inherited)",
				);
				GCC_WARN_64_TO_32_BIT_CONVERSION = YES;
				GCC_WARN_ABOUT_RETURN_TYPE = YES_ERROR;
				GCC_WARN_UNDECLARED_SELECTOR = YES;
				GCC_WARN_UNINITIALIZED_AUTOS = YES_AGGRESSIVE;
				GCC_WARN_UNUSED_FUNCTION = YES;
				GCC_WARN_UNUSED_VARIABLE = YES;
				MTL_ENABLE_DEBUG_INFO = INCLUDE_SOURCE;
				MTL_FAST_MATH = YES;
				ONLY_ACTIVE_ARCH = YES;
				SWIFT_ACTIVE_COMPILATION_CONDITIONS = DEBUG;
				SWIFT_OPTIMIZATION_LEVEL = "-Onone";
			};
			name = Debug;
		};
		DC77944324C3F4450010BF16 /* Release */ = {
			isa = XCBuildConfiguration;
			buildSettings = {
				ALWAYS_SEARCH_USER_PATHS = NO;
				CLANG_ANALYZER_NONNULL = YES;
				CLANG_ANALYZER_NUMBER_OBJECT_CONVERSION = YES_AGGRESSIVE;
				CLANG_CXX_LANGUAGE_STANDARD = "gnu++14";
				CLANG_CXX_LIBRARY = "libc++";
				CLANG_ENABLE_MODULES = YES;
				CLANG_ENABLE_OBJC_ARC = YES;
				CLANG_ENABLE_OBJC_WEAK = YES;
				CLANG_WARN_BLOCK_CAPTURE_AUTORELEASING = YES;
				CLANG_WARN_BOOL_CONVERSION = YES;
				CLANG_WARN_COMMA = YES;
				CLANG_WARN_CONSTANT_CONVERSION = YES;
				CLANG_WARN_DEPRECATED_OBJC_IMPLEMENTATIONS = YES;
				CLANG_WARN_DIRECT_OBJC_ISA_USAGE = YES_ERROR;
				CLANG_WARN_DOCUMENTATION_COMMENTS = YES;
				CLANG_WARN_EMPTY_BODY = YES;
				CLANG_WARN_ENUM_CONVERSION = YES;
				CLANG_WARN_INFINITE_RECURSION = YES;
				CLANG_WARN_INT_CONVERSION = YES;
				CLANG_WARN_NON_LITERAL_NULL_CONVERSION = YES;
				CLANG_WARN_OBJC_IMPLICIT_RETAIN_SELF = YES;
				CLANG_WARN_OBJC_LITERAL_CONVERSION = YES;
				CLANG_WARN_OBJC_ROOT_CLASS = YES_ERROR;
				CLANG_WARN_QUOTED_INCLUDE_IN_FRAMEWORK_HEADER = YES;
				CLANG_WARN_RANGE_LOOP_ANALYSIS = YES;
				CLANG_WARN_STRICT_PROTOTYPES = YES;
				CLANG_WARN_SUSPICIOUS_MOVE = YES;
				CLANG_WARN_UNGUARDED_AVAILABILITY = YES_AGGRESSIVE;
				CLANG_WARN_UNREACHABLE_CODE = YES;
				CLANG_WARN__DUPLICATE_METHOD_MATCH = YES;
				COPY_PHASE_STRIP = NO;
				DEBUG_INFORMATION_FORMAT = "dwarf-with-dsym";
				ENABLE_NS_ASSERTIONS = NO;
				ENABLE_STRICT_OBJC_MSGSEND = YES;
				GCC_C_LANGUAGE_STANDARD = gnu11;
				GCC_NO_COMMON_BLOCKS = YES;
				GCC_WARN_64_TO_32_BIT_CONVERSION = YES;
				GCC_WARN_ABOUT_RETURN_TYPE = YES_ERROR;
				GCC_WARN_UNDECLARED_SELECTOR = YES;
				GCC_WARN_UNINITIALIZED_AUTOS = YES_AGGRESSIVE;
				GCC_WARN_UNUSED_FUNCTION = YES;
				GCC_WARN_UNUSED_VARIABLE = YES;
				MTL_ENABLE_DEBUG_INFO = NO;
				MTL_FAST_MATH = YES;
				SWIFT_COMPILATION_MODE = wholemodule;
				SWIFT_OPTIMIZATION_LEVEL = "-O";
			};
			name = Release;
		};
		DC77944524C3F4450010BF16 /* Debug */ = {
			isa = XCBuildConfiguration;
			buildSettings = {
				ASSETCATALOG_COMPILER_APPICON_NAME = AppIcon;
				ASSETCATALOG_COMPILER_GLOBAL_ACCENT_COLOR_NAME = AccentColor;
				CODE_SIGN_STYLE = Automatic;
				DEVELOPMENT_TEAM = 3M99NT4UFA;
				ENABLE_PREVIEWS = YES;
				INFOPLIST_FILE = iOS/Info.plist;
				IPHONEOS_DEPLOYMENT_TARGET = 14.0;
				LD_RUNPATH_SEARCH_PATHS = (
					"$(inherited)",
					"@executable_path/Frameworks",
				);
				PRODUCT_BUNDLE_IDENTIFIER = ca.homelearning.alexstedman.Journalnator;
				PRODUCT_NAME = Journalnator;
				SDKROOT = iphoneos;
				SWIFT_VERSION = 5.0;
				TARGETED_DEVICE_FAMILY = "1,2";
			};
			name = Debug;
		};
		DC77944624C3F4450010BF16 /* Release */ = {
			isa = XCBuildConfiguration;
			buildSettings = {
				ASSETCATALOG_COMPILER_APPICON_NAME = AppIcon;
				ASSETCATALOG_COMPILER_GLOBAL_ACCENT_COLOR_NAME = AccentColor;
				CODE_SIGN_STYLE = Automatic;
				DEVELOPMENT_TEAM = 3M99NT4UFA;
				ENABLE_PREVIEWS = YES;
				INFOPLIST_FILE = iOS/Info.plist;
				IPHONEOS_DEPLOYMENT_TARGET = 14.0;
				LD_RUNPATH_SEARCH_PATHS = (
					"$(inherited)",
					"@executable_path/Frameworks",
				);
				PRODUCT_BUNDLE_IDENTIFIER = ca.homelearning.alexstedman.Journalnator;
				PRODUCT_NAME = Journalnator;
				SDKROOT = iphoneos;
				SWIFT_VERSION = 5.0;
				TARGETED_DEVICE_FAMILY = "1,2";
				VALIDATE_PRODUCT = YES;
			};
			name = Release;
		};
		DC77944824C3F4450010BF16 /* Debug */ = {
			isa = XCBuildConfiguration;
			buildSettings = {
				ASSETCATALOG_COMPILER_APPICON_NAME = AppIcon;
				ASSETCATALOG_COMPILER_GLOBAL_ACCENT_COLOR_NAME = AccentColor;
				CODE_SIGN_ENTITLEMENTS = macOS/macOS.entitlements;
				CODE_SIGN_STYLE = Automatic;
				COMBINE_HIDPI_IMAGES = YES;
				DEVELOPMENT_TEAM = 3M99NT4UFA;
				ENABLE_HARDENED_RUNTIME = YES;
				ENABLE_PREVIEWS = YES;
				INFOPLIST_FILE = macOS/Info.plist;
				LD_RUNPATH_SEARCH_PATHS = (
					"$(inherited)",
					"@executable_path/../Frameworks",
				);
				MACOSX_DEPLOYMENT_TARGET = 10.16;
				PRODUCT_BUNDLE_IDENTIFIER = ca.homelearning.alexstedman.Journalnator;
				PRODUCT_NAME = Journalnator;
				SDKROOT = macosx;
				SWIFT_VERSION = 5.0;
			};
			name = Debug;
		};
		DC77944924C3F4450010BF16 /* Release */ = {
			isa = XCBuildConfiguration;
			buildSettings = {
				ASSETCATALOG_COMPILER_APPICON_NAME = AppIcon;
				ASSETCATALOG_COMPILER_GLOBAL_ACCENT_COLOR_NAME = AccentColor;
				CODE_SIGN_ENTITLEMENTS = macOS/macOS.entitlements;
				CODE_SIGN_STYLE = Automatic;
				COMBINE_HIDPI_IMAGES = YES;
				DEVELOPMENT_TEAM = 3M99NT4UFA;
				ENABLE_HARDENED_RUNTIME = YES;
				ENABLE_PREVIEWS = YES;
				INFOPLIST_FILE = macOS/Info.plist;
				LD_RUNPATH_SEARCH_PATHS = (
					"$(inherited)",
					"@executable_path/../Frameworks",
				);
				MACOSX_DEPLOYMENT_TARGET = 10.16;
				PRODUCT_BUNDLE_IDENTIFIER = ca.homelearning.alexstedman.Journalnator;
				PRODUCT_NAME = Journalnator;
				SDKROOT = macosx;
				SWIFT_VERSION = 5.0;
			};
			name = Release;
		};
/* End XCBuildConfiguration section */

/* Begin XCConfigurationList section */
		DC77942424C3F4410010BF16 /* Build configuration list for PBXProject "Journalnator" */ = {
			isa = XCConfigurationList;
			buildConfigurations = (
				DC77944224C3F4450010BF16 /* Debug */,
				DC77944324C3F4450010BF16 /* Release */,
			);
			defaultConfigurationIsVisible = 0;
			defaultConfigurationName = Release;
		};
		DC77944424C3F4450010BF16 /* Build configuration list for PBXNativeTarget "Journalnator (iOS)" */ = {
			isa = XCConfigurationList;
			buildConfigurations = (
				DC77944524C3F4450010BF16 /* Debug */,
				DC77944624C3F4450010BF16 /* Release */,
			);
			defaultConfigurationIsVisible = 0;
			defaultConfigurationName = Release;
		};
		DC77944724C3F4450010BF16 /* Build configuration list for PBXNativeTarget "Journalnator (macOS)" */ = {
			isa = XCConfigurationList;
			buildConfigurations = (
				DC77944824C3F4450010BF16 /* Debug */,
				DC77944924C3F4450010BF16 /* Release */,
			);
			defaultConfigurationIsVisible = 0;
			defaultConfigurationName = Release;
		};
/* End XCConfigurationList section */
	};
	rootObject = DC77942124C3F4410010BF16 /* Project object */;
}
